
Microsoft Visual Studio Solution File, Format Version 12.00
# Visual Studio Version 16
VisualStudioVersion = 16.0.30114.105
MinimumVisualStudioVersion = 10.0.40219.1
Project("{2150E333-8FDC-42A3-9474-1A3956D46DE8}") = "src", "src", "{490DB27E-F671-4393-9E61-C0119DB97793}"
EndProject
Project("{2150E333-8FDC-42A3-9474-1A3956D46DE8}") = "Common", "Common", "{E335D031-4E0E-4BC9-9433-092633DB794F}"
EndProject
Project("{FAE04EC0-301F-11D3-BF4B-00C04F79EFBC}") = "Entities", "src\Common\Entities\Entities.csproj", "{57A75BA9-1E72-4E66-962B-D85EFD808069}"
EndProject
Project("{FAE04EC0-301F-11D3-BF4B-00C04F79EFBC}") = "Models", "src\Common\Models\Models.csproj", "{79D6C999-DCFC-41CE-A6C9-3043DE11C9BB}"
EndProject
Global
	GlobalSection(SolutionConfigurationPlatforms) = preSolution
		Debug|Any CPU = Debug|Any CPU
		Release|Any CPU = Release|Any CPU
	EndGlobalSection
	GlobalSection(SolutionProperties) = preSolution
		HideSolutionNode = FALSE
	EndGlobalSection
	GlobalSection(ProjectConfigurationPlatforms) = postSolution
		{57A75BA9-1E72-4E66-962B-D85EFD808069}.Debug|Any CPU.ActiveCfg = Debug|Any CPU
		{57A75BA9-1E72-4E66-962B-D85EFD808069}.Debug|Any CPU.Build.0 = Debug|Any CPU
		{57A75BA9-1E72-4E66-962B-D85EFD808069}.Release|Any CPU.ActiveCfg = Release|Any CPU
		{57A75BA9-1E72-4E66-962B-D85EFD808069}.Release|Any CPU.Build.0 = Release|Any CPU
		{79D6C999-DCFC-41CE-A6C9-3043DE11C9BB}.Debug|Any CPU.ActiveCfg = Debug|Any CPU
		{79D6C999-DCFC-41CE-A6C9-3043DE11C9BB}.Debug|Any CPU.Build.0 = Debug|Any CPU
		{79D6C999-DCFC-41CE-A6C9-3043DE11C9BB}.Release|Any CPU.ActiveCfg = Release|Any CPU
		{79D6C999-DCFC-41CE-A6C9-3043DE11C9BB}.Release|Any CPU.Build.0 = Release|Any CPU
	EndGlobalSection
	GlobalSection(NestedProjects) = preSolution
		{E335D031-4E0E-4BC9-9433-092633DB794F} = {490DB27E-F671-4393-9E61-C0119DB97793}
		{57A75BA9-1E72-4E66-962B-D85EFD808069} = {E335D031-4E0E-4BC9-9433-092633DB794F}
		{79D6C999-DCFC-41CE-A6C9-3043DE11C9BB} = {E335D031-4E0E-4BC9-9433-092633DB794F}
	EndGlobalSection
EndGlobal
